
Microsoft Visual Studio Solution File, Format Version 12.00
# Visual Studio Version 17
VisualStudioVersion = 17.11.35222.181
MinimumVisualStudioVersion = 10.0.40219.1
Project("{9A19103F-16F7-4668-BE54-9A1E7A4F7556}") = "Streckenbuch.Server", "Streckenbuch.Server\Streckenbuch.Server.csproj", "{F268AB53-1085-4BA8-89E1-E81B51366D9A}"
EndProject
Project("{9A19103F-16F7-4668-BE54-9A1E7A4F7556}") = "Streckenbuch.Client", "Streckenbuch.Client\Streckenbuch.Client.csproj", "{AD5C2E71-3E8A-4022-A846-F6BBCE6A3D56}"
EndProject
Project("{9A19103F-16F7-4668-BE54-9A1E7A4F7556}") = "Streckenbuch.Shared", "Streckenbuch.Shared\Streckenbuch.Shared.csproj", "{B8CED46D-BC57-4FEF-AD5A-84B4E1DB0C2D}"
EndProject
Project("{2150E333-8FDC-42A3-9474-1A3956D46DE8}") = "Solution Items", "Solution Items", "{3B4753AE-21FA-442F-8C64-3B7058AC564A}"
	ProjectSection(SolutionItems) = preProject
		.editorconfig = .editorconfig
	EndProjectSection
EndProject
Project("{2150E333-8FDC-42A3-9474-1A3956D46DE8}") = "test", "test", "{AA51DAEF-DF37-4738-B67D-E4EFEE948C28}"
EndProject
Project("{2150E333-8FDC-42A3-9474-1A3956D46DE8}") = "src", "src", "{47886271-3E52-409E-B471-3D95A6024FB1}"
EndProject
Project("{FAE04EC0-301F-11D3-BF4B-00C04F79EFBC}") = "Streckenbuch.Client.Test", "Streckenbuch.Client.Test\Streckenbuch.Client.Test.csproj", "{CDCD89AD-7432-4FDA-B787-4906CDA2CD2D}"
EndProject
Project("{FAE04EC0-301F-11D3-BF4B-00C04F79EFBC}") = "Streckenbuch.Miku", "Streckenbuch.Miku\Streckenbuch.Miku.csproj", "{4C5D5E11-353C-4345-920F-EB4DDD35F25D}"
EndProject
Project("{FAE04EC0-301F-11D3-BF4B-00C04F79EFBC}") = "Streckenbuch.Miku.Mocked", "Streckenbuch.Miku.Mocked\Streckenbuch.Miku.Mocked.csproj", "{0D7FBFBE-84A2-4A55-BA0C-D7A4D5B53506}"
EndProject
Project("{FAE04EC0-301F-11D3-BF4B-00C04F79EFBC}") = "Streckenbuch.App", "Streckenbuch.App\Streckenbuch.App.csproj", "{512E854B-7359-4A7D-B905-79A164BA9DBB}"
EndProject
Project("{FAE04EC0-301F-11D3-BF4B-00C04F79EFBC}") = "Streckenbuch.Components", "Streckenbuch.Components\Streckenbuch.Components.csproj", "{C2E68CD0-86B4-4A95-AD29-B57CBD19F00E}"
EndProject
Global
	GlobalSection(SolutionConfigurationPlatforms) = preSolution
		Debug|Any CPU = Debug|Any CPU
		DebugApp|Any CPU = DebugApp|Any CPU
		Release|Any CPU = Release|Any CPU
		ReleaseApp|Any CPU = ReleaseApp|Any CPU
	EndGlobalSection
	GlobalSection(ProjectConfigurationPlatforms) = postSolution
		{F268AB53-1085-4BA8-89E1-E81B51366D9A}.Debug|Any CPU.ActiveCfg = Debug|Any CPU
		{F268AB53-1085-4BA8-89E1-E81B51366D9A}.Debug|Any CPU.Build.0 = Debug|Any CPU
		{F268AB53-1085-4BA8-89E1-E81B51366D9A}.Release|Any CPU.ActiveCfg = Release|Any CPU
		{F268AB53-1085-4BA8-89E1-E81B51366D9A}.Release|Any CPU.Build.0 = Release|Any CPU
		{AD5C2E71-3E8A-4022-A846-F6BBCE6A3D56}.Debug|Any CPU.ActiveCfg = Debug|Any CPU
		{AD5C2E71-3E8A-4022-A846-F6BBCE6A3D56}.Debug|Any CPU.Build.0 = Debug|Any CPU
		{AD5C2E71-3E8A-4022-A846-F6BBCE6A3D56}.Release|Any CPU.ActiveCfg = Release|Any CPU
		{AD5C2E71-3E8A-4022-A846-F6BBCE6A3D56}.Release|Any CPU.Build.0 = Release|Any CPU
		{B8CED46D-BC57-4FEF-AD5A-84B4E1DB0C2D}.Debug|Any CPU.ActiveCfg = Debug|Any CPU
		{B8CED46D-BC57-4FEF-AD5A-84B4E1DB0C2D}.Debug|Any CPU.Build.0 = Debug|Any CPU
		{B8CED46D-BC57-4FEF-AD5A-84B4E1DB0C2D}.DebugApp|Any CPU.ActiveCfg = DebugApp|Any CPU
		{B8CED46D-BC57-4FEF-AD5A-84B4E1DB0C2D}.DebugApp|Any CPU.Build.0 = DebugApp|Any CPU
		{B8CED46D-BC57-4FEF-AD5A-84B4E1DB0C2D}.Release|Any CPU.ActiveCfg = Release|Any CPU
		{B8CED46D-BC57-4FEF-AD5A-84B4E1DB0C2D}.Release|Any CPU.Build.0 = Release|Any CPU
		{B8CED46D-BC57-4FEF-AD5A-84B4E1DB0C2D}.ReleaseApp|Any CPU.ActiveCfg = ReleaseApp|Any CPU
		{B8CED46D-BC57-4FEF-AD5A-84B4E1DB0C2D}.ReleaseApp|Any CPU.Build.0 = ReleaseApp|Any CPU
		{CDCD89AD-7432-4FDA-B787-4906CDA2CD2D}.Debug|Any CPU.ActiveCfg = Debug|Any CPU
		{CDCD89AD-7432-4FDA-B787-4906CDA2CD2D}.Debug|Any CPU.Build.0 = Debug|Any CPU
		{CDCD89AD-7432-4FDA-B787-4906CDA2CD2D}.Release|Any CPU.ActiveCfg = Release|Any CPU
		{CDCD89AD-7432-4FDA-B787-4906CDA2CD2D}.Release|Any CPU.Build.0 = Release|Any CPU
		{4C5D5E11-353C-4345-920F-EB4DDD35F25D}.Debug|Any CPU.ActiveCfg = Debug|Any CPU
		{4C5D5E11-353C-4345-920F-EB4DDD35F25D}.Debug|Any CPU.Build.0 = Debug|Any CPU
		{4C5D5E11-353C-4345-920F-EB4DDD35F25D}.Release|Any CPU.ActiveCfg = Release|Any CPU
		{4C5D5E11-353C-4345-920F-EB4DDD35F25D}.Release|Any CPU.Build.0 = Release|Any CPU
		{0D7FBFBE-84A2-4A55-BA0C-D7A4D5B53506}.Debug|Any CPU.ActiveCfg = Debug|Any CPU
		{0D7FBFBE-84A2-4A55-BA0C-D7A4D5B53506}.Debug|Any CPU.Build.0 = Debug|Any CPU
		{0D7FBFBE-84A2-4A55-BA0C-D7A4D5B53506}.Release|Any CPU.ActiveCfg = Release|Any CPU
		{0D7FBFBE-84A2-4A55-BA0C-D7A4D5B53506}.Release|Any CPU.Build.0 = Release|Any CPU
		{512E854B-7359-4A7D-B905-79A164BA9DBB}.DebugApp|Any CPU.ActiveCfg = DebugApp|Any CPU
		{512E854B-7359-4A7D-B905-79A164BA9DBB}.DebugApp|Any CPU.Build.0 = DebugApp|Any CPU
		{512E854B-7359-4A7D-B905-79A164BA9DBB}.ReleaseApp|Any CPU.ActiveCfg = ReleaseApp|Any CPU
		{512E854B-7359-4A7D-B905-79A164BA9DBB}.ReleaseApp|Any CPU.Build.0 = ReleaseApp|Any CPU
		{C2E68CD0-86B4-4A95-AD29-B57CBD19F00E}.Debug|Any CPU.ActiveCfg = Debug|Any CPU
		{C2E68CD0-86B4-4A95-AD29-B57CBD19F00E}.Debug|Any CPU.Build.0 = Debug|Any CPU
		{C2E68CD0-86B4-4A95-AD29-B57CBD19F00E}.DebugApp|Any CPU.ActiveCfg = DebugApp|Any CPU
		{C2E68CD0-86B4-4A95-AD29-B57CBD19F00E}.DebugApp|Any CPU.Build.0 = DebugApp|Any CPU
		{C2E68CD0-86B4-4A95-AD29-B57CBD19F00E}.Release|Any CPU.ActiveCfg = Release|Any CPU
		{C2E68CD0-86B4-4A95-AD29-B57CBD19F00E}.Release|Any CPU.Build.0 = Release|Any CPU
		{C2E68CD0-86B4-4A95-AD29-B57CBD19F00E}.ReleaseApp|Any CPU.ActiveCfg = ReleaseApp|Any CPU
		{C2E68CD0-86B4-4A95-AD29-B57CBD19F00E}.ReleaseApp|Any CPU.Build.0 = ReleaseApp|Any CPU
	EndGlobalSection
	GlobalSection(SolutionProperties) = preSolution
		HideSolutionNode = FALSE
	EndGlobalSection
	GlobalSection(NestedProjects) = preSolution
		{F268AB53-1085-4BA8-89E1-E81B51366D9A} = {47886271-3E52-409E-B471-3D95A6024FB1}
		{AD5C2E71-3E8A-4022-A846-F6BBCE6A3D56} = {47886271-3E52-409E-B471-3D95A6024FB1}
		{B8CED46D-BC57-4FEF-AD5A-84B4E1DB0C2D} = {47886271-3E52-409E-B471-3D95A6024FB1}
		{CDCD89AD-7432-4FDA-B787-4906CDA2CD2D} = {AA51DAEF-DF37-4738-B67D-E4EFEE948C28}
		{4C5D5E11-353C-4345-920F-EB4DDD35F25D} = {47886271-3E52-409E-B471-3D95A6024FB1}
		{0D7FBFBE-84A2-4A55-BA0C-D7A4D5B53506} = {AA51DAEF-DF37-4738-B67D-E4EFEE948C28}
		{512E854B-7359-4A7D-B905-79A164BA9DBB} = {47886271-3E52-409E-B471-3D95A6024FB1}
		{C2E68CD0-86B4-4A95-AD29-B57CBD19F00E} = {47886271-3E52-409E-B471-3D95A6024FB1}
	EndGlobalSection
	GlobalSection(ExtensibilityGlobals) = postSolution
		SolutionGuid = {148B5013-A662-4736-A777-BB1A858EADA3}
	EndGlobalSection
EndGlobal
